
Microsoft Visual Studio Solution File, Format Version 12.00
# Visual Studio 15
Project("{FAE04EC0-301F-11D3-BF4B-00C04F79EFBC}") = "Assembly-CSharp", "Assembly-CSharp.csproj", "{DAA03482-9662-8EDD-2D20-223A9C2D79DF}"
EndProject
Global
	GlobalSection(SolutionConfigurationPlatforms) = preSolution
		Debug|Any CPU = Debug|Any CPU
		Release|Any CPU = Release|Any CPU
	EndGlobalSection
	GlobalSection(ProjectConfigurationPlatforms) = postSolution
		{DAA03482-9662-8EDD-2D20-223A9C2D79DF}.Debug|Any CPU.ActiveCfg = Debug|Any CPU
		{DAA03482-9662-8EDD-2D20-223A9C2D79DF}.Debug|Any CPU.Build.0 = Debug|Any CPU
		{DAA03482-9662-8EDD-2D20-223A9C2D79DF}.Release|Any CPU.ActiveCfg = Release|Any CPU
		{DAA03482-9662-8EDD-2D20-223A9C2D79DF}.Release|Any CPU.Build.0 = Release|Any CPU
	EndGlobalSection
	GlobalSection(SolutionProperties) = preSolution
		HideSolutionNode = FALSE
	EndGlobalSection
EndGlobal
